
Microsoft Visual Studio Solution File, Format Version 12.00
# Visual Studio Version 16
VisualStudioVersion = 16.0.30907.101
MinimumVisualStudioVersion = 10.0.40219.1
Project("{FAE04EC0-301F-11D3-BF4B-00C04F79EFBC}") = "ConsoleApp1", "ConsoleApp1.csproj", "{03818BDF-C04B-4B84-8E76-1D61FC8E3093}"
EndProject
Global
	GlobalSection(SolutionConfigurationPlatforms) = preSolution
		Debug|Any CPU = Debug|Any CPU
		Release|Any CPU = Release|Any CPU
	EndGlobalSection
	GlobalSection(ProjectConfigurationPlatforms) = postSolution
		{03818BDF-C04B-4B84-8E76-1D61FC8E3093}.Debug|Any CPU.ActiveCfg = Debug|Any CPU
		{03818BDF-C04B-4B84-8E76-1D61FC8E3093}.Debug|Any CPU.Build.0 = Debug|Any CPU
		{03818BDF-C04B-4B84-8E76-1D61FC8E3093}.Release|Any CPU.ActiveCfg = Release|Any CPU
		{03818BDF-C04B-4B84-8E76-1D61FC8E3093}.Release|Any CPU.Build.0 = Release|Any CPU
	EndGlobalSection
	GlobalSection(SolutionProperties) = preSolution
		HideSolutionNode = FALSE
	EndGlobalSection
	GlobalSection(ExtensibilityGlobals) = postSolution
		SolutionGuid = {02BB062E-B57D-4C22-8829-5B027D2DCE6A}
	EndGlobalSection
EndGlobal
